// !$*UTF8*$!
{
	archiveVersion = 1;
	classes = {
	};
	objectVersion = 56;
	objects = {

/* Begin PBXBuildFile section */
		567A68F02913AED7006AC2A6 /* AppCenterIssueApp.swift in Sources */ = {isa = PBXBuildFile; fileRef = 567A68EF2913AED7006AC2A6 /* AppCenterIssueApp.swift */; };
		567A68F22913AED7006AC2A6 /* ContentView.swift in Sources */ = {isa = PBXBuildFile; fileRef = 567A68F12913AED7006AC2A6 /* ContentView.swift */; };
		567A68F42913AED8006AC2A6 /* Assets.xcassets in Resources */ = {isa = PBXBuildFile; fileRef = 567A68F32913AED8006AC2A6 /* Assets.xcassets */; };
		567A68F72913AED8006AC2A6 /* Preview Assets.xcassets in Resources */ = {isa = PBXBuildFile; fileRef = 567A68F62913AED8006AC2A6 /* Preview Assets.xcassets */; };
		567A69042913AF06006AC2A6 /* AppCenterWatchApp.swift in Sources */ = {isa = PBXBuildFile; fileRef = 567A69032913AF06006AC2A6 /* AppCenterWatchApp.swift */; };
		567A69062913AF06006AC2A6 /* ContentView.swift in Sources */ = {isa = PBXBuildFile; fileRef = 567A69052913AF06006AC2A6 /* ContentView.swift */; };
		567A69082913AF08006AC2A6 /* Assets.xcassets in Resources */ = {isa = PBXBuildFile; fileRef = 567A69072913AF08006AC2A6 /* Assets.xcassets */; };
		567A690B2913AF08006AC2A6 /* Preview Assets.xcassets in Resources */ = {isa = PBXBuildFile; fileRef = 567A690A2913AF08006AC2A6 /* Preview Assets.xcassets */; };
/* End PBXBuildFile section */

/* Begin PBXFileReference section */
		567A68EC2913AED7006AC2A6 /* AppCenterIssue.app */ = {isa = PBXFileReference; explicitFileType = wrapper.application; includeInIndex = 0; path = AppCenterIssue.app; sourceTree = BUILT_PRODUCTS_DIR; };
		567A68EF2913AED7006AC2A6 /* AppCenterIssueApp.swift */ = {isa = PBXFileReference; lastKnownFileType = sourcecode.swift; path = AppCenterIssueApp.swift; sourceTree = "<group>"; };
		567A68F12913AED7006AC2A6 /* ContentView.swift */ = {isa = PBXFileReference; lastKnownFileType = sourcecode.swift; path = ContentView.swift; sourceTree = "<group>"; };
		567A68F32913AED8006AC2A6 /* Assets.xcassets */ = {isa = PBXFileReference; lastKnownFileType = folder.assetcatalog; path = Assets.xcassets; sourceTree = "<group>"; };
		567A68F62913AED8006AC2A6 /* Preview Assets.xcassets */ = {isa = PBXFileReference; lastKnownFileType = folder.assetcatalog; path = "Preview Assets.xcassets"; sourceTree = "<group>"; };
		567A69012913AF06006AC2A6 /* AppCenterWatch Watch App.app */ = {isa = PBXFileReference; explicitFileType = wrapper.application; includeInIndex = 0; path = "AppCenterWatch Watch App.app"; sourceTree = BUILT_PRODUCTS_DIR; };
		567A69032913AF06006AC2A6 /* AppCenterWatchApp.swift */ = {isa = PBXFileReference; lastKnownFileType = sourcecode.swift; path = AppCenterWatchApp.swift; sourceTree = "<group>"; };
		567A69052913AF06006AC2A6 /* ContentView.swift */ = {isa = PBXFileReference; lastKnownFileType = sourcecode.swift; path = ContentView.swift; sourceTree = "<group>"; };
		567A69072913AF08006AC2A6 /* Assets.xcassets */ = {isa = PBXFileReference; lastKnownFileType = folder.assetcatalog; path = Assets.xcassets; sourceTree = "<group>"; };
		567A690A2913AF08006AC2A6 /* Preview Assets.xcassets */ = {isa = PBXFileReference; lastKnownFileType = folder.assetcatalog; path = "Preview Assets.xcassets"; sourceTree = "<group>"; };
/* End PBXFileReference section */

/* Begin PBXFrameworksBuildPhase section */
		567A68E92913AED7006AC2A6 /* Frameworks */ = {
			isa = PBXFrameworksBuildPhase;
			buildActionMask = 2147483647;
			files = (
			);
			runOnlyForDeploymentPostprocessing = 0;
		};
		567A68FE2913AF06006AC2A6 /* Frameworks */ = {
			isa = PBXFrameworksBuildPhase;
			buildActionMask = 2147483647;
			files = (
			);
			runOnlyForDeploymentPostprocessing = 0;
		};
/* End PBXFrameworksBuildPhase section */

/* Begin PBXGroup section */
		567A68E32913AED6006AC2A6 = {
			isa = PBXGroup;
			children = (
				567A68EE2913AED7006AC2A6 /* AppCenterIssue */,
				567A69022913AF06006AC2A6 /* AppCenterWatch Watch App */,
				567A68ED2913AED7006AC2A6 /* Products */,
			);
			sourceTree = "<group>";
		};
		567A68ED2913AED7006AC2A6 /* Products */ = {
			isa = PBXGroup;
			children = (
				567A68EC2913AED7006AC2A6 /* AppCenterIssue.app */,
				567A69012913AF06006AC2A6 /* AppCenterWatch Watch App.app */,
			);
			name = Products;
			sourceTree = "<group>";
		};
		567A68EE2913AED7006AC2A6 /* AppCenterIssue */ = {
			isa = PBXGroup;
			children = (
				567A68EF2913AED7006AC2A6 /* AppCenterIssueApp.swift */,
				567A68F12913AED7006AC2A6 /* ContentView.swift */,
				567A68F32913AED8006AC2A6 /* Assets.xcassets */,
				567A68F52913AED8006AC2A6 /* Preview Content */,
			);
			path = AppCenterIssue;
			sourceTree = "<group>";
		};
		567A68F52913AED8006AC2A6 /* Preview Content */ = {
			isa = PBXGroup;
			children = (
				567A68F62913AED8006AC2A6 /* Preview Assets.xcassets */,
			);
			path = "Preview Content";
			sourceTree = "<group>";
		};
		567A69022913AF06006AC2A6 /* AppCenterWatch Watch App */ = {
			isa = PBXGroup;
			children = (
				567A69032913AF06006AC2A6 /* AppCenterWatchApp.swift */,
				567A69052913AF06006AC2A6 /* ContentView.swift */,
				567A69072913AF08006AC2A6 /* Assets.xcassets */,
				567A69092913AF08006AC2A6 /* Preview Content */,
			);
			path = "AppCenterWatch Watch App";
			sourceTree = "<group>";
		};
		567A69092913AF08006AC2A6 /* Preview Content */ = {
			isa = PBXGroup;
			children = (
				567A690A2913AF08006AC2A6 /* Preview Assets.xcassets */,
			);
			path = "Preview Content";
			sourceTree = "<group>";
		};
/* End PBXGroup section */

/* Begin PBXNativeTarget section */
		567A68EB2913AED7006AC2A6 /* AppCenterIssue */ = {
			isa = PBXNativeTarget;
			buildConfigurationList = 567A68FA2913AED8006AC2A6 /* Build configuration list for PBXNativeTarget "AppCenterIssue" */;
			buildPhases = (
				567A68E82913AED7006AC2A6 /* Sources */,
				567A68E92913AED7006AC2A6 /* Frameworks */,
				567A68EA2913AED7006AC2A6 /* Resources */,
			);
			buildRules = (
			);
			dependencies = (
			);
			name = AppCenterIssue;
			productName = AppCenterIssue;
			productReference = 567A68EC2913AED7006AC2A6 /* AppCenterIssue.app */;
			productType = "com.apple.product-type.application";
		};
		567A69002913AF06006AC2A6 /* AppCenterWatch Watch App */ = {
			isa = PBXNativeTarget;
			buildConfigurationList = 567A690C2913AF08006AC2A6 /* Build configuration list for PBXNativeTarget "AppCenterWatch Watch App" */;
			buildPhases = (
				567A68FD2913AF06006AC2A6 /* Sources */,
				567A68FE2913AF06006AC2A6 /* Frameworks */,
				567A68FF2913AF06006AC2A6 /* Resources */,
			);
			buildRules = (
			);
			dependencies = (
			);
			name = "AppCenterWatch Watch App";
			productName = "AppCenterWatch Watch App";
			productReference = 567A69012913AF06006AC2A6 /* AppCenterWatch Watch App.app */;
			productType = "com.apple.product-type.application";
		};
/* End PBXNativeTarget section */

/* Begin PBXProject section */
		567A68E42913AED6006AC2A6 /* Project object */ = {
			isa = PBXProject;
			attributes = {
				BuildIndependentTargetsInParallel = 1;
				LastSwiftUpdateCheck = 1400;
				LastUpgradeCheck = 1400;
				TargetAttributes = {
					567A68EB2913AED7006AC2A6 = {
						CreatedOnToolsVersion = 14.0.1;
					};
					567A69002913AF06006AC2A6 = {
						CreatedOnToolsVersion = 14.0.1;
					};
				};
			};
			buildConfigurationList = 567A68E72913AED6006AC2A6 /* Build configuration list for PBXProject "AppCenterIssue" */;
			compatibilityVersion = "Xcode 14.0";
			developmentRegion = en;
			hasScannedForEncodings = 0;
			knownRegions = (
				en,
				Base,
			);
			mainGroup = 567A68E32913AED6006AC2A6;
			productRefGroup = 567A68ED2913AED7006AC2A6 /* Products */;
			projectDirPath = "";
			projectRoot = "";
			targets = (
				567A68EB2913AED7006AC2A6 /* AppCenterIssue */,
				567A69002913AF06006AC2A6 /* AppCenterWatch Watch App */,
			);
		};
/* End PBXProject section */

/* Begin PBXResourcesBuildPhase section */
		567A68EA2913AED7006AC2A6 /* Resources */ = {
			isa = PBXResourcesBuildPhase;
			buildActionMask = 2147483647;
			files = (
				567A68F72913AED8006AC2A6 /* Preview Assets.xcassets in Resources */,
				567A68F42913AED8006AC2A6 /* Assets.xcassets in Resources */,
			);
			runOnlyForDeploymentPostprocessing = 0;
		};
		567A68FF2913AF06006AC2A6 /* Resources */ = {
			isa = PBXResourcesBuildPhase;
			buildActionMask = 2147483647;
			files = (
				567A690B2913AF08006AC2A6 /* Preview Assets.xcassets in Resources */,
				567A69082913AF08006AC2A6 /* Assets.xcassets in Resources */,
			);
			runOnlyForDeploymentPostprocessing = 0;
		};
/* End PBXResourcesBuildPhase section */

/* Begin PBXSourcesBuildPhase section */
		567A68E82913AED7006AC2A6 /* Sources */ = {
			isa = PBXSourcesBuildPhase;
			buildActionMask = 2147483647;
			files = (
				567A68F22913AED7006AC2A6 /* ContentView.swift in Sources */,
				567A68F02913AED7006AC2A6 /* AppCenterIssueApp.swift in Sources */,
			);
			runOnlyForDeploymentPostprocessing = 0;
		};
		567A68FD2913AF06006AC2A6 /* Sources */ = {
			isa = PBXSourcesBuildPhase;
			buildActionMask = 2147483647;
			files = (
				567A69062913AF06006AC2A6 /* ContentView.swift in Sources */,
				567A69042913AF06006AC2A6 /* AppCenterWatchApp.swift in Sources */,
			);
			runOnlyForDeploymentPostprocessing = 0;
		};
/* End PBXSourcesBuildPhase section */

/* Begin XCBuildConfiguration section */
		567A68F82913AED8006AC2A6 /* Debug */ = {
			isa = XCBuildConfiguration;
			buildSettings = {
				ALWAYS_SEARCH_USER_PATHS = NO;
				CLANG_ANALYZER_NONNULL = YES;
				CLANG_ANALYZER_NUMBER_OBJECT_CONVERSION = YES_AGGRESSIVE;
				CLANG_CXX_LANGUAGE_STANDARD = "gnu++20";
				CLANG_ENABLE_MODULES = YES;
				CLANG_ENABLE_OBJC_ARC = YES;
				CLANG_ENABLE_OBJC_WEAK = YES;
				CLANG_WARN_BLOCK_CAPTURE_AUTORELEASING = YES;
				CLANG_WARN_BOOL_CONVERSION = YES;
				CLANG_WARN_COMMA = YES;
				CLANG_WARN_CONSTANT_CONVERSION = YES;
				CLANG_WARN_DEPRECATED_OBJC_IMPLEMENTATIONS = YES;
				CLANG_WARN_DIRECT_OBJC_ISA_USAGE = YES_ERROR;
				CLANG_WARN_DOCUMENTATION_COMMENTS = YES;
				CLANG_WARN_EMPTY_BODY = YES;
				CLANG_WARN_ENUM_CONVERSION = YES;
				CLANG_WARN_INFINITE_RECURSION = YES;
				CLANG_WARN_INT_CONVERSION = YES;
				CLANG_WARN_NON_LITERAL_NULL_CONVERSION = YES;
				CLANG_WARN_OBJC_IMPLICIT_RETAIN_SELF = YES;
				CLANG_WARN_OBJC_LITERAL_CONVERSION = YES;
				CLANG_WARN_OBJC_ROOT_CLASS = YES_ERROR;
				CLANG_WARN_QUOTED_INCLUDE_IN_FRAMEWORK_HEADER = YES;
				CLANG_WARN_RANGE_LOOP_ANALYSIS = YES;
				CLANG_WARN_STRICT_PROTOTYPES = YES;
				CLANG_WARN_SUSPICIOUS_MOVE = YES;
				CLANG_WARN_UNGUARDED_AVAILABILITY = YES_AGGRESSIVE;
				CLANG_WARN_UNREACHABLE_CODE = YES;
				CLANG_WARN__DUPLICATE_METHOD_MATCH = YES;
				COPY_PHASE_STRIP = NO;
				DEBUG_INFORMATION_FORMAT = dwarf;
				ENABLE_STRICT_OBJC_MSGSEND = YES;
				ENABLE_TESTABILITY = YES;
				GCC_C_LANGUAGE_STANDARD = gnu11;
				GCC_DYNAMIC_NO_PIC = NO;
				GCC_NO_COMMON_BLOCKS = YES;
				GCC_OPTIMIZATION_LEVEL = 0;
				GCC_PREPROCESSOR_DEFINITIONS = (
					"DEBUG=1",
					"$(inherited)",
				);
				GCC_WARN_64_TO_32_BIT_CONVERSION = YES;
				GCC_WARN_ABOUT_RETURN_TYPE = YES_ERROR;
				GCC_WARN_UNDECLARED_SELECTOR = YES;
				GCC_WARN_UNINITIALIZED_AUTOS = YES_AGGRESSIVE;
				GCC_WARN_UNUSED_FUNCTION = YES;
				GCC_WARN_UNUSED_VARIABLE = YES;
				IPHONEOS_DEPLOYMENT_TARGET = 16.0;
				MTL_ENABLE_DEBUG_INFO = INCLUDE_SOURCE;
				MTL_FAST_MATH = YES;
				ONLY_ACTIVE_ARCH = YES;
				SDKROOT = iphoneos;
				SWIFT_ACTIVE_COMPILATION_CONDITIONS = DEBUG;
				SWIFT_OPTIMIZATION_LEVEL = "-Onone";
			};
			name = Debug;
		};
		567A68F92913AED8006AC2A6 /* Release */ = {
			isa = XCBuildConfiguration;
			buildSettings = {
				ALWAYS_SEARCH_USER_PATHS = NO;
				CLANG_ANALYZER_NONNULL = YES;
				CLANG_ANALYZER_NUMBER_OBJECT_CONVERSION = YES_AGGRESSIVE;
				CLANG_CXX_LANGUAGE_STANDARD = "gnu++20";
				CLANG_ENABLE_MODULES = YES;
				CLANG_ENABLE_OBJC_ARC = YES;
				CLANG_ENABLE_OBJC_WEAK = YES;
				CLANG_WARN_BLOCK_CAPTURE_AUTORELEASING = YES;
				CLANG_WARN_BOOL_CONVERSION = YES;
				CLANG_WARN_COMMA = YES;
				CLANG_WARN_CONSTANT_CONVERSION = YES;
				CLANG_WARN_DEPRECATED_OBJC_IMPLEMENTATIONS = YES;
				CLANG_WARN_DIRECT_OBJC_ISA_USAGE = YES_ERROR;
				CLANG_WARN_DOCUMENTATION_COMMENTS = YES;
				CLANG_WARN_EMPTY_BODY = YES;
				CLANG_WARN_ENUM_CONVERSION = YES;
				CLANG_WARN_INFINITE_RECURSION = YES;
				CLANG_WARN_INT_CONVERSION = YES;
				CLANG_WARN_NON_LITERAL_NULL_CONVERSION = YES;
				CLANG_WARN_OBJC_IMPLICIT_RETAIN_SELF = YES;
				CLANG_WARN_OBJC_LITERAL_CONVERSION = YES;
				CLANG_WARN_OBJC_ROOT_CLASS = YES_ERROR;
				CLANG_WARN_QUOTED_INCLUDE_IN_FRAMEWORK_HEADER = YES;
				CLANG_WARN_RANGE_LOOP_ANALYSIS = YES;
				CLANG_WARN_STRICT_PROTOTYPES = YES;
				CLANG_WARN_SUSPICIOUS_MOVE = YES;
				CLANG_WARN_UNGUARDED_AVAILABILITY = YES_AGGRESSIVE;
				CLANG_WARN_UNREACHABLE_CODE = YES;
				CLANG_WARN__DUPLICATE_METHOD_MATCH = YES;
				COPY_PHASE_STRIP = NO;
				DEBUG_INFORMATION_FORMAT = "dwarf-with-dsym";
				ENABLE_NS_ASSERTIONS = NO;
				ENABLE_STRICT_OBJC_MSGSEND = YES;
				GCC_C_LANGUAGE_STANDARD = gnu11;
				GCC_NO_COMMON_BLOCKS = YES;
				GCC_WARN_64_TO_32_BIT_CONVERSION = YES;
				GCC_WARN_ABOUT_RETURN_TYPE = YES_ERROR;
				GCC_WARN_UNDECLARED_SELECTOR = YES;
				GCC_WARN_UNINITIALIZED_AUTOS = YES_AGGRESSIVE;
				GCC_WARN_UNUSED_FUNCTION = YES;
				GCC_WARN_UNUSED_VARIABLE = YES;
				IPHONEOS_DEPLOYMENT_TARGET = 16.0;
				MTL_ENABLE_DEBUG_INFO = NO;
				MTL_FAST_MATH = YES;
				SDKROOT = iphoneos;
				SWIFT_COMPILATION_MODE = wholemodule;
				SWIFT_OPTIMIZATION_LEVEL = "-O";
				VALIDATE_PRODUCT = YES;
			};
			name = Release;
		};
		567A68FB2913AED8006AC2A6 /* Debug */ = {
			isa = XCBuildConfiguration;
			buildSettings = {
				ASSETCATALOG_COMPILER_APPICON_NAME = AppIcon;
				ASSETCATALOG_COMPILER_GLOBAL_ACCENT_COLOR_NAME = AccentColor;
				CODE_SIGN_STYLE = Automatic;
				CURRENT_PROJECT_VERSION = 1;
				DEVELOPMENT_ASSET_PATHS = "\"AppCenterIssue/Preview Content\"";
				DEVELOPMENT_TEAM = 42NG6AU5AL;
				ENABLE_PREVIEWS = YES;
				GENERATE_INFOPLIST_FILE = YES;
				INFOPLIST_KEY_UIApplicationSceneManifest_Generation = YES;
				INFOPLIST_KEY_UIApplicationSupportsIndirectInputEvents = YES;
				INFOPLIST_KEY_UILaunchScreen_Generation = YES;
				INFOPLIST_KEY_UISupportedInterfaceOrientations_iPad = "UIInterfaceOrientationPortrait UIInterfaceOrientationPortraitUpsideDown UIInterfaceOrientationLandscapeLeft UIInterfaceOrientationLandscapeRight";
				INFOPLIST_KEY_UISupportedInterfaceOrientations_iPhone = "UIInterfaceOrientationPortrait UIInterfaceOrientationLandscapeLeft UIInterfaceOrientationLandscapeRight";
				LD_RUNPATH_SEARCH_PATHS = (
					"$(inherited)",
					"@executable_path/Frameworks",
				);
				MARKETING_VERSION = 1.0;
				PRODUCT_BUNDLE_IDENTIFIER = com.jezny.AppCenterIssue;
				PRODUCT_NAME = "$(TARGET_NAME)";
				SWIFT_EMIT_LOC_STRINGS = YES;
				SWIFT_VERSION = 5.0;
				TARGETED_DEVICE_FAMILY = "1,2";
			};
			name = Debug;
		};
		567A68FC2913AED8006AC2A6 /* Release */ = {
			isa = XCBuildConfiguration;
			buildSettings = {
				ASSETCATALOG_COMPILER_APPICON_NAME = AppIcon;
				ASSETCATALOG_COMPILER_GLOBAL_ACCENT_COLOR_NAME = AccentColor;
				CODE_SIGN_STYLE = Automatic;
				CURRENT_PROJECT_VERSION = 1;
				DEVELOPMENT_ASSET_PATHS = "\"AppCenterIssue/Preview Content\"";
				DEVELOPMENT_TEAM = 42NG6AU5AL;
				ENABLE_PREVIEWS = YES;
				GENERATE_INFOPLIST_FILE = YES;
				INFOPLIST_KEY_UIApplicationSceneManifest_Generation = YES;
				INFOPLIST_KEY_UIApplicationSupportsIndirectInputEvents = YES;
				INFOPLIST_KEY_UILaunchScreen_Generation = YES;
				INFOPLIST_KEY_UISupportedInterfaceOrientations_iPad = "UIInterfaceOrientationPortrait UIInterfaceOrientationPortraitUpsideDown UIInterfaceOrientationLandscapeLeft UIInterfaceOrientationLandscapeRight";
				INFOPLIST_KEY_UISupportedInterfaceOrientations_iPhone = "UIInterfaceOrientationPortrait UIInterfaceOrientationLandscapeLeft UIInterfaceOrientationLandscapeRight";
				LD_RUNPATH_SEARCH_PATHS = (
					"$(inherited)",
					"@executable_path/Frameworks",
				);
				MARKETING_VERSION = 1.0;
				PRODUCT_BUNDLE_IDENTIFIER = com.jezny.AppCenterIssue;
				PRODUCT_NAME = "$(TARGET_NAME)";
				SWIFT_EMIT_LOC_STRINGS = YES;
				SWIFT_VERSION = 5.0;
				TARGETED_DEVICE_FAMILY = "1,2";
			};
			name = Release;
		};
		567A690D2913AF08006AC2A6 /* Debug */ = {
			isa = XCBuildConfiguration;
			buildSettings = {
				ASSETCATALOG_COMPILER_APPICON_NAME = AppIcon;
				ASSETCATALOG_COMPILER_GLOBAL_ACCENT_COLOR_NAME = AccentColor;
				CODE_SIGN_STYLE = Automatic;
				CURRENT_PROJECT_VERSION = 1;
				DEVELOPMENT_ASSET_PATHS = "\"AppCenterWatch Watch App/Preview Content\"";
				DEVELOPMENT_TEAM = 42NG6AU5AL;
				ENABLE_PREVIEWS = YES;
				GENERATE_INFOPLIST_FILE = YES;
				INFOPLIST_KEY_CFBundleDisplayName = AppCenterWatch;
				INFOPLIST_KEY_UISupportedInterfaceOrientations = "UIInterfaceOrientationPortrait UIInterfaceOrientationPortraitUpsideDown";
				INFOPLIST_KEY_WKCompanionAppBundleIdentifier = "";
				LD_RUNPATH_SEARCH_PATHS = (
					"$(inherited)",
					"@executable_path/Frameworks",
				);
				MARKETING_VERSION = 1.0;
				PRODUCT_BUNDLE_IDENTIFIER = .watchkitapp;
				PRODUCT_NAME = "$(TARGET_NAME)";
				SDKROOT = watchos;
				SKIP_INSTALL = YES;
				SWIFT_EMIT_LOC_STRINGS = YES;
				SWIFT_VERSION = 5.0;
				TARGETED_DEVICE_FAMILY = 4;
				WATCHOS_DEPLOYMENT_TARGET = 9.0;
			};
			name = Debug;
		};
		567A690E2913AF08006AC2A6 /* Release */ = {
			isa = XCBuildConfiguration;
			buildSettings = {
				ASSETCATALOG_COMPILER_APPICON_NAME = AppIcon;
				ASSETCATALOG_COMPILER_GLOBAL_ACCENT_COLOR_NAME = AccentColor;
				CODE_SIGN_STYLE = Automatic;
				CURRENT_PROJECT_VERSION = 1;
				DEVELOPMENT_ASSET_PATHS = "\"AppCenterWatch Watch App/Preview Content\"";
				DEVELOPMENT_TEAM = 42NG6AU5AL;
				ENABLE_PREVIEWS = YES;
				GENERATE_INFOPLIST_FILE = YES;
				INFOPLIST_KEY_CFBundleDisplayName = AppCenterWatch;
				INFOPLIST_KEY_UISupportedInterfaceOrientations = "UIInterfaceOrientationPortrait UIInterfaceOrientationPortraitUpsideDown";
				INFOPLIST_KEY_WKCompanionAppBundleIdentifier = "";
				LD_RUNPATH_SEARCH_PATHS = (
					"$(inherited)",
					"@executable_path/Frameworks",
				);
				MARKETING_VERSION = 1.0;
				PRODUCT_BUNDLE_IDENTIFIER = .watchkitapp;
				PRODUCT_NAME = "$(TARGET_NAME)";
				SDKROOT = watchos;
				SKIP_INSTALL = YES;
				SWIFT_EMIT_LOC_STRINGS = YES;
				SWIFT_VERSION = 5.0;
				TARGETED_DEVICE_FAMILY = 4;
				WATCHOS_DEPLOYMENT_TARGET = 9.0;
			};
			name = Release;
		};
/* End XCBuildConfiguration section */

/* Begin XCConfigurationList section */
		567A68E72913AED6006AC2A6 /* Build configuration list for PBXProject "AppCenterIssue" */ = {
			isa = XCConfigurationList;
			buildConfigurations = (
				567A68F82913AED8006AC2A6 /* Debug */,
				567A68F92913AED8006AC2A6 /* Release */,
			);
			defaultConfigurationIsVisible = 0;
			defaultConfigurationName = Release;
		};
		567A68FA2913AED8006AC2A6 /* Build configuration list for PBXNativeTarget "AppCenterIssue" */ = {
			isa = XCConfigurationList;
			buildConfigurations = (
				567A68FB2913AED8006AC2A6 /* Debug */,
				567A68FC2913AED8006AC2A6 /* Release */,
			);
			defaultConfigurationIsVisible = 0;
			defaultConfigurationName = Release;
		};
		567A690C2913AF08006AC2A6 /* Build configuration list for PBXNativeTarget "AppCenterWatch Watch App" */ = {
			isa = XCConfigurationList;
			buildConfigurations = (
				567A690D2913AF08006AC2A6 /* Debug */,
				567A690E2913AF08006AC2A6 /* Release */,
			);
			defaultConfigurationIsVisible = 0;
			defaultConfigurationName = Release;
		};
/* End XCConfigurationList section */
	};
	rootObject = 567A68E42913AED6006AC2A6 /* Project object */;
}
